
Microsoft Visual Studio Solution File, Format Version 12.00
# Visual Studio Version 16
VisualStudioVersion = 16.0.28803.352
MinimumVisualStudioVersion = 10.0.40219.1
Project("{9A19103F-16F7-4668-BE54-9A1E7A4F7556}") = "CameraCounter", "CameraCounter.csproj", "{4AB3BFF1-8077-4E12-8818-89920D8720AE}"
EndProject
Global
	GlobalSection(SolutionConfigurationPlatforms) = preSolution
		Debug|Any CPU = Debug|Any CPU
		Release|Any CPU = Release|Any CPU
	EndGlobalSection
	GlobalSection(ProjectConfigurationPlatforms) = postSolution
		{4AB3BFF1-8077-4E12-8818-89920D8720AE}.Debug|Any CPU.ActiveCfg = Debug|Any CPU
		{4AB3BFF1-8077-4E12-8818-89920D8720AE}.Debug|Any CPU.Build.0 = Debug|Any CPU
		{4AB3BFF1-8077-4E12-8818-89920D8720AE}.Release|Any CPU.ActiveCfg = Release|Any CPU
		{4AB3BFF1-8077-4E12-8818-89920D8720AE}.Release|Any CPU.Build.0 = Release|Any CPU
	EndGlobalSection
	GlobalSection(SolutionProperties) = preSolution
		HideSolutionNode = FALSE
	EndGlobalSection
	GlobalSection(ExtensibilityGlobals) = postSolution
		SolutionGuid = {1196A63A-9F25-490B-A1E1-7E5E06D88C93}
	EndGlobalSection
EndGlobal
